PODS:
  - flutter_angle (0.3.9):
    - Flutter
    - FlutterAngle (~> 0.0.8)
    - FlutterMacOS
  - FlutterAngle (0.0.8)
  - FlutterMacOS (1.0.0)
  - macbear_3d (0.7.2):
    - FlutterMacOS
  - video_player_avfoundation (0.0.1):
    - Flutter
    - FlutterMacOS

DEPENDENCIES:
  - flutter_angle (from `Flutter/ephemeral/.symlinks/plugins/flutter_angle/darwin`)
  - FlutterMacOS (from `Flutter/ephemeral`)
  - macbear_3d (from `Flutter/ephemeral/.symlinks/plugins/macbear_3d/macos`)
  - video_player_avfoundation (from `Flutter/ephemeral/.symlinks/plugins/video_player_avfoundation/darwin`)

SPEC REPOS:
  trunk:
    - FlutterAngle

EXTERNAL SOURCES:
  flutter_angle:
    :path: Flutter/ephemeral/.symlinks/plugins/flutter_angle/darwin
  FlutterMacOS:
    :path: Flutter/ephemeral
  macbear_3d:
    :path: Flutter/ephemeral/.symlinks/plugins/macbear_3d/macos
  video_player_avfoundation:
    :path: Flutter/ephemeral/.symlinks/plugins/video_player_avfoundation/darwin

SPEC CHECKSUMS:
  flutter_angle: fd425c2f11c130891a5e87a0dad8de8815413b43
  FlutterAngle: c810891af800750361b1d0e7cc944f2338d5ae18
  FlutterMacOS: d0db08ddef1a9af05a5ec4b724367152bb0500b1
  macbear_3d: 01ba869a72890885a6bb168ab771485582b144e1
  video_player_avfoundation: 7993f492ae0bd77edaea24d9dc051d8bb2cd7c86

PODFILE CHECKSUM: 54d867c82ac51cbd61b565781b9fada492027009

COCOAPODS: 1.16.2
