PODS:
  - flutter_angle (0.3.9):
    - Flutter
    - FlutterAngle (~> 0.0.8)
    - FlutterMacOS
  - FlutterAngle (0.0.8)
  - FlutterMacOS (1.0.0)
  - macbear_3d (0.8.0):
    - FlutterMacOS
  - video_player_avfoundation (0.0.1):
    - Flutter
    - FlutterMacOS

DEPENDENCIES:
  - flutter_angle (from `Flutter/ephemeral/.symlinks/plugins/flutter_angle/darwin`)
  - FlutterMacOS (from `Flutter/ephemeral`)
  - macbear_3d (from `Flutter/ephemeral/.symlinks/plugins/macbear_3d/macos`)
  - video_player_avfoundation (from `Flutter/ephemeral/.symlinks/plugins/video_player_avfoundation/darwin`)

SPEC REPOS:
  trunk:
    - FlutterAngle

EXTERNAL SOURCES:
  flutter_angle:
    :path: Flutter/ephemeral/.symlinks/plugins/flutter_angle/darwin
  FlutterMacOS:
    :path: Flutter/ephemeral
  macbear_3d:
    :path: Flutter/ephemeral/.symlinks/plugins/macbear_3d/macos
  video_player_avfoundation:
    :path: Flutter/ephemeral/.symlinks/plugins/video_player_avfoundation/darwin

SPEC CHECKSUMS:
  flutter_angle: 290cf0e9610f10ee5e5a77e0a1e43885aa02ae3b
  FlutterAngle: c810891af800750361b1d0e7cc944f2338d5ae18
  FlutterMacOS: d0db08ddef1a9af05a5ec4b724367152bb0500b1
  macbear_3d: aec2dfa6f8b8f485d58497ae057a41b9f5c67e2e
  video_player_avfoundation: dd410b52df6d2466a42d28550e33e4146928280a

PODFILE CHECKSUM: 54d867c82ac51cbd61b565781b9fada492027009

COCOAPODS: 1.16.2
